
Microsoft Visual Studio Solution File, Format Version 12.00
# Visual Studio Version 16
VisualStudioVersion = 16.0.31105.61
MinimumVisualStudioVersion = 10.0.40219.1
Project("{FAE04EC0-301F-11D3-BF4B-00C04F79EFBC}") = "EventExample", "EventExample\EventExample.csproj", "{619FDCC7-178B-4FF9-B555-B32659B244DB}"
EndProject
Global
	GlobalSection(SolutionConfigurationPlatforms) = preSolution
		Debug|Any CPU = Debug|Any CPU
		Release|Any CPU = Release|Any CPU
	EndGlobalSection
	GlobalSection(ProjectConfigurationPlatforms) = postSolution
		{619FDCC7-178B-4FF9-B555-B32659B244DB}.Debug|Any CPU.ActiveCfg = Debug|Any CPU
		{619FDCC7-178B-4FF9-B555-B32659B244DB}.Debug|Any CPU.Build.0 = Debug|Any CPU
		{619FDCC7-178B-4FF9-B555-B32659B244DB}.Release|Any CPU.ActiveCfg = Release|Any CPU
		{619FDCC7-178B-4FF9-B555-B32659B244DB}.Release|Any CPU.Build.0 = Release|Any CPU
	EndGlobalSection
	GlobalSection(SolutionProperties) = preSolution
		HideSolutionNode = FALSE
	EndGlobalSection
	GlobalSection(ExtensibilityGlobals) = postSolution
		SolutionGuid = {34030E4A-0193-46FC-98B9-CBD787D71DE2}
	EndGlobalSection
EndGlobal
